
Microsoft Visual Studio Solution File, Format Version 12.00
# Visual Studio Version 17
VisualStudioVersion = 17.11.35327.3
MinimumVisualStudioVersion = 10.0.40219.1
Project("{FAE04EC0-301F-11D3-BF4B-00C04F79EFBC}") = "BootCamp1_AspMVC", "BootCamp1_AspMVC\BootCamp1_AspMVC.csproj", "{11D5FC97-864B-4595-9244-F69A800B0F82}"
EndProject
Global
	GlobalSection(SolutionConfigurationPlatforms) = preSolution
		Debug|Any CPU = Debug|Any CPU
		Release|Any CPU = Release|Any CPU
	EndGlobalSection
	GlobalSection(ProjectConfigurationPlatforms) = postSolution
		{11D5FC97-864B-4595-9244-F69A800B0F82}.Debug|Any CPU.ActiveCfg = Debug|Any CPU
		{11D5FC97-864B-4595-9244-F69A800B0F82}.Debug|Any CPU.Build.0 = Debug|Any CPU
		{11D5FC97-864B-4595-9244-F69A800B0F82}.Release|Any CPU.ActiveCfg = Release|Any CPU
		{11D5FC97-864B-4595-9244-F69A800B0F82}.Release|Any CPU.Build.0 = Release|Any CPU
	EndGlobalSection
	GlobalSection(SolutionProperties) = preSolution
		HideSolutionNode = FALSE
	EndGlobalSection
	GlobalSection(ExtensibilityGlobals) = postSolution
		SolutionGuid = {5711B4DF-AD3E-4634-ADD8-F7154094059C}
	EndGlobalSection
EndGlobal
